// !$*UTF8*$!
{
	archiveVersion = 1;
	classes = {
	};
	objectVersion = 50;
	objects = {

/* Begin PBXBuildFile section */
		699A595E235FD4EE00C80F48 /* AppDelegate.swift in Sources */ = {isa = PBXBuildFile; fileRef = 699A595D235FD4EE00C80F48 /* AppDelegate.swift */; };
		699A5960235FD4EE00C80F48 /* SceneDelegate.swift in Sources */ = {isa = PBXBuildFile; fileRef = 699A595F235FD4EE00C80F48 /* SceneDelegate.swift */; };
		699A5962235FD4EE00C80F48 /* ViewController.swift in Sources */ = {isa = PBXBuildFile; fileRef = 699A5961235FD4EE00C80F48 /* ViewController.swift */; };
		699A5965235FD4EE00C80F48 /* Main.storyboard in Resources */ = {isa = PBXBuildFile; fileRef = 699A5963235FD4EE00C80F48 /* Main.storyboard */; };
		699A5967235FD4F100C80F48 /* Assets.xcassets in Resources */ = {isa = PBXBuildFile; fileRef = 699A5966235FD4F100C80F48 /* Assets.xcassets */; };
		699A596A235FD4F100C80F48 /* LaunchScreen.storyboard in Resources */ = {isa = PBXBuildFile; fileRef = 699A5968235FD4F100C80F48 /* LaunchScreen.storyboard */; };
		699A5975235FD4F100C80F48 /* _____Tests.swift in Sources */ = {isa = PBXBuildFile; fileRef = 699A5974235FD4F100C80F48 /* _____Tests.swift */; };
		699A5980235FD4F100C80F48 /* _____UITests.swift in Sources */ = {isa = PBXBuildFile; fileRef = 699A597F235FD4F100C80F48 /* _____UITests.swift */; };
		699A598E235FD52600C80F48 /* PhotoBrowserViewController.swift in Sources */ = {isa = PBXBuildFile; fileRef = 699A598D235FD52600C80F48 /* PhotoBrowserViewController.swift */; };
		69C914F52366604D0012082F /* PhotoBrowserTransitionDelegate.swift in Sources */ = {isa = PBXBuildFile; fileRef = 69C914F42366604D0012082F /* PhotoBrowserTransitionDelegate.swift */; };
		69D8E35B235FF5F1004F2F92 /* PhotoBrowserCollectionViewCell.swift in Sources */ = {isa = PBXBuildFile; fileRef = 69D8E35A235FF5F1004F2F92 /* PhotoBrowserCollectionViewCell.swift */; };
/* End PBXBuildFile section */

/* Begin PBXContainerItemProxy section */
		699A5971235FD4F100C80F48 /* PBXContainerItemProxy */ = {
			isa = PBXContainerItemProxy;
			containerPortal = 699A5952235FD4EE00C80F48 /* Project object */;
			proxyType = 1;
			remoteGlobalIDString = 699A5959235FD4EE00C80F48;
			remoteInfo = "图片浏览器";
		};
		699A597C235FD4F100C80F48 /* PBXContainerItemProxy */ = {
			isa = PBXContainerItemProxy;
			containerPortal = 699A5952235FD4EE00C80F48 /* Project object */;
			proxyType = 1;
			remoteGlobalIDString = 699A5959235FD4EE00C80F48;
			remoteInfo = "图片浏览器";
		};
/* End PBXContainerItemProxy section */

/* Begin PBXFileReference section */
		699A595A235FD4EE00C80F48 /* 图片浏览器.app */ = {isa = PBXFileReference; explicitFileType = wrapper.application; includeInIndex = 0; path = "图片浏览器.app"; sourceTree = BUILT_PRODUCTS_DIR; };
		699A595D235FD4EE00C80F48 /* AppDelegate.swift */ = {isa = PBXFileReference; lastKnownFileType = sourcecode.swift; path = AppDelegate.swift; sourceTree = "<group>"; };
		699A595F235FD4EE00C80F48 /* SceneDelegate.swift */ = {isa = PBXFileReference; lastKnownFileType = sourcecode.swift; path = SceneDelegate.swift; sourceTree = "<group>"; };
		699A5961235FD4EE00C80F48 /* ViewController.swift */ = {isa = PBXFileReference; lastKnownFileType = sourcecode.swift; path = ViewController.swift; sourceTree = "<group>"; };
		699A5964235FD4EE00C80F48 /* Base */ = {isa = PBXFileReference; lastKnownFileType = file.storyboard; name = Base; path = Base.lproj/Main.storyboard; sourceTree = "<group>"; };
		699A5966235FD4F100C80F48 /* Assets.xcassets */ = {isa = PBXFileReference; lastKnownFileType = folder.assetcatalog; path = Assets.xcassets; sourceTree = "<group>"; };
		699A5969235FD4F100C80F48 /* Base */ = {isa = PBXFileReference; lastKnownFileType = file.storyboard; name = Base; path = Base.lproj/LaunchScreen.storyboard; sourceTree = "<group>"; };
		699A596B235FD4F100C80F48 /* Info.plist */ = {isa = PBXFileReference; lastKnownFileType = text.plist.xml; path = Info.plist; sourceTree = "<group>"; };
		699A5970235FD4F100C80F48 /* 图片浏览器Tests.xctest */ = {isa = PBXFileReference; explicitFileType = wrapper.cfbundle; includeInIndex = 0; path = "图片浏览器Tests.xctest"; sourceTree = BUILT_PRODUCTS_DIR; };
		699A5974235FD4F100C80F48 /* _____Tests.swift */ = {isa = PBXFileReference; lastKnownFileType = sourcecode.swift; path = "_____Tests.swift"; sourceTree = "<group>"; };
		699A5976235FD4F100C80F48 /* Info.plist */ = {isa = PBXFileReference; lastKnownFileType = text.plist.xml; path = Info.plist; sourceTree = "<group>"; };
		699A597B235FD4F100C80F48 /* 图片浏览器UITests.xctest */ = {isa = PBXFileReference; explicitFileType = wrapper.cfbundle; includeInIndex = 0; path = "图片浏览器UITests.xctest"; sourceTree = BUILT_PRODUCTS_DIR; };
		699A597F235FD4F100C80F48 /* _____UITests.swift */ = {isa = PBXFileReference; lastKnownFileType = sourcecode.swift; path = "_____UITests.swift"; sourceTree = "<group>"; };
		699A5981235FD4F100C80F48 /* Info.plist */ = {isa = PBXFileReference; lastKnownFileType = text.plist.xml; path = Info.plist; sourceTree = "<group>"; };
		699A598D235FD52600C80F48 /* PhotoBrowserViewController.swift */ = {isa = PBXFileReference; lastKnownFileType = sourcecode.swift; path = PhotoBrowserViewController.swift; sourceTree = "<group>"; };
		69C914F42366604D0012082F /* PhotoBrowserTransitionDelegate.swift */ = {isa = PBXFileReference; lastKnownFileType = sourcecode.swift; path = PhotoBrowserTransitionDelegate.swift; sourceTree = "<group>"; };
		69D8E35A235FF5F1004F2F92 /* PhotoBrowserCollectionViewCell.swift */ = {isa = PBXFileReference; lastKnownFileType = sourcecode.swift; path = PhotoBrowserCollectionViewCell.swift; sourceTree = "<group>"; };
/* End PBXFileReference section */

/* Begin PBXFrameworksBuildPhase section */
		699A5957235FD4EE00C80F48 /* Frameworks */ = {
			isa = PBXFrameworksBuildPhase;
			buildActionMask = 2147483647;
			files = (
			);
			runOnlyForDeploymentPostprocessing = 0;
		};
		699A596D235FD4F100C80F48 /* Frameworks */ = {
			isa = PBXFrameworksBuildPhase;
			buildActionMask = 2147483647;
			files = (
			);
			runOnlyForDeploymentPostprocessing = 0;
		};
		699A5978235FD4F100C80F48 /* Frameworks */ = {
			isa = PBXFrameworksBuildPhase;
			buildActionMask = 2147483647;
			files = (
			);
			runOnlyForDeploymentPostprocessing = 0;
		};
/* End PBXFrameworksBuildPhase section */

/* Begin PBXGroup section */
		699A5951235FD4EE00C80F48 = {
			isa = PBXGroup;
			children = (
				699A595C235FD4EE00C80F48 /* 图片浏览器 */,
				699A5973235FD4F100C80F48 /* 图片浏览器Tests */,
				699A597E235FD4F100C80F48 /* 图片浏览器UITests */,
				699A595B235FD4EE00C80F48 /* Products */,
			);
			sourceTree = "<group>";
		};
		699A595B235FD4EE00C80F48 /* Products */ = {
			isa = PBXGroup;
			children = (
				699A595A235FD4EE00C80F48 /* 图片浏览器.app */,
				699A5970235FD4F100C80F48 /* 图片浏览器Tests.xctest */,
				699A597B235FD4F100C80F48 /* 图片浏览器UITests.xctest */,
			);
			name = Products;
			sourceTree = "<group>";
		};
		699A595C235FD4EE00C80F48 /* 图片浏览器 */ = {
			isa = PBXGroup;
			children = (
				699A595D235FD4EE00C80F48 /* AppDelegate.swift */,
				699A595F235FD4EE00C80F48 /* SceneDelegate.swift */,
				699A5961235FD4EE00C80F48 /* ViewController.swift */,
				69D8E35C2361401A004F2F92 /* PhotoBrowser */,
				699A5963235FD4EE00C80F48 /* Main.storyboard */,
				699A5966235FD4F100C80F48 /* Assets.xcassets */,
				699A5968235FD4F100C80F48 /* LaunchScreen.storyboard */,
				699A596B235FD4F100C80F48 /* Info.plist */,
			);
			path = "图片浏览器";
			sourceTree = "<group>";
		};
		699A5973235FD4F100C80F48 /* 图片浏览器Tests */ = {
			isa = PBXGroup;
			children = (
				699A5974235FD4F100C80F48 /* _____Tests.swift */,
				699A5976235FD4F100C80F48 /* Info.plist */,
			);
			path = "图片浏览器Tests";
			sourceTree = "<group>";
		};
		699A597E235FD4F100C80F48 /* 图片浏览器UITests */ = {
			isa = PBXGroup;
			children = (
				699A597F235FD4F100C80F48 /* _____UITests.swift */,
				699A5981235FD4F100C80F48 /* Info.plist */,
			);
			path = "图片浏览器UITests";
			sourceTree = "<group>";
		};
		69D8E35C2361401A004F2F92 /* PhotoBrowser */ = {
			isa = PBXGroup;
			children = (
				69C914F42366604D0012082F /* PhotoBrowserTransitionDelegate.swift */,
				69D8E35D2361402B004F2F92 /* ViewController */,
			);
			path = PhotoBrowser;
			sourceTree = "<group>";
		};
		69D8E35D2361402B004F2F92 /* ViewController */ = {
			isa = PBXGroup;
			children = (
				69D8E35E23614039004F2F92 /* Cell */,
				699A598D235FD52600C80F48 /* PhotoBrowserViewController.swift */,
			);
			path = ViewController;
			sourceTree = "<group>";
		};
		69D8E35E23614039004F2F92 /* Cell */ = {
			isa = PBXGroup;
			children = (
				69D8E35A235FF5F1004F2F92 /* PhotoBrowserCollectionViewCell.swift */,
			);
			path = Cell;
			sourceTree = "<group>";
		};
/* End PBXGroup section */

/* Begin PBXNativeTarget section */
		699A5959235FD4EE00C80F48 /* 图片浏览器 */ = {
			isa = PBXNativeTarget;
			buildConfigurationList = 699A5984235FD4F100C80F48 /* Build configuration list for PBXNativeTarget "图片浏览器" */;
			buildPhases = (
				699A5956235FD4EE00C80F48 /* Sources */,
				699A5957235FD4EE00C80F48 /* Frameworks */,
				699A5958235FD4EE00C80F48 /* Resources */,
			);
			buildRules = (
			);
			dependencies = (
			);
			name = "图片浏览器";
			productName = "图片浏览器";
			productReference = 699A595A235FD4EE00C80F48 /* 图片浏览器.app */;
			productType = "com.apple.product-type.application";
		};
		699A596F235FD4F100C80F48 /* 图片浏览器Tests */ = {
			isa = PBXNativeTarget;
			buildConfigurationList = 699A5987235FD4F100C80F48 /* Build configuration list for PBXNativeTarget "图片浏览器Tests" */;
			buildPhases = (
				699A596C235FD4F100C80F48 /* Sources */,
				699A596D235FD4F100C80F48 /* Frameworks */,
				699A596E235FD4F100C80F48 /* Resources */,
			);
			buildRules = (
			);
			dependencies = (
				699A5972235FD4F100C80F48 /* PBXTargetDependency */,
			);
			name = "图片浏览器Tests";
			productName = "图片浏览器Tests";
			productReference = 699A5970235FD4F100C80F48 /* 图片浏览器Tests.xctest */;
			productType = "com.apple.product-type.bundle.unit-test";
		};
		699A597A235FD4F100C80F48 /* 图片浏览器UITests */ = {
			isa = PBXNativeTarget;
			buildConfigurationList = 699A598A235FD4F100C80F48 /* Build configuration list for PBXNativeTarget "图片浏览器UITests" */;
			buildPhases = (
				699A5977235FD4F100C80F48 /* Sources */,
				699A5978235FD4F100C80F48 /* Frameworks */,
				699A5979235FD4F100C80F48 /* Resources */,
			);
			buildRules = (
			);
			dependencies = (
				699A597D235FD4F100C80F48 /* PBXTargetDependency */,
			);
			name = "图片浏览器UITests";
			productName = "图片浏览器UITests";
			productReference = 699A597B235FD4F100C80F48 /* 图片浏览器UITests.xctest */;
			productType = "com.apple.product-type.bundle.ui-testing";
		};
/* End PBXNativeTarget section */

/* Begin PBXProject section */
		699A5952235FD4EE00C80F48 /* Project object */ = {
			isa = PBXProject;
			attributes = {
				LastSwiftUpdateCheck = 1110;
				LastUpgradeCheck = 1110;
				ORGANIZATIONNAME = "梁华建";
				TargetAttributes = {
					699A5959235FD4EE00C80F48 = {
						CreatedOnToolsVersion = 11.1;
					};
					699A596F235FD4F100C80F48 = {
						CreatedOnToolsVersion = 11.1;
						TestTargetID = 699A5959235FD4EE00C80F48;
					};
					699A597A235FD4F100C80F48 = {
						CreatedOnToolsVersion = 11.1;
						TestTargetID = 699A5959235FD4EE00C80F48;
					};
				};
			};
			buildConfigurationList = 699A5955235FD4EE00C80F48 /* Build configuration list for PBXProject "图片浏览器" */;
			compatibilityVersion = "Xcode 9.3";
			developmentRegion = en;
			hasScannedForEncodings = 0;
			knownRegions = (
				en,
				Base,
			);
			mainGroup = 699A5951235FD4EE00C80F48;
			productRefGroup = 699A595B235FD4EE00C80F48 /* Products */;
			projectDirPath = "";
			projectRoot = "";
			targets = (
				699A5959235FD4EE00C80F48 /* 图片浏览器 */,
				699A596F235FD4F100C80F48 /* 图片浏览器Tests */,
				699A597A235FD4F100C80F48 /* 图片浏览器UITests */,
			);
		};
/* End PBXProject section */

/* Begin PBXResourcesBuildPhase section */
		699A5958235FD4EE00C80F48 /* Resources */ = {
			isa = PBXResourcesBuildPhase;
			buildActionMask = 2147483647;
			files = (
				699A596A235FD4F100C80F48 /* LaunchScreen.storyboard in Resources */,
				699A5967235FD4F100C80F48 /* Assets.xcassets in Resources */,
				699A5965235FD4EE00C80F48 /* Main.storyboard in Resources */,
			);
			runOnlyForDeploymentPostprocessing = 0;
		};
		699A596E235FD4F100C80F48 /* Resources */ = {
			isa = PBXResourcesBuildPhase;
			buildActionMask = 2147483647;
			files = (
			);
			runOnlyForDeploymentPostprocessing = 0;
		};
		699A5979235FD4F100C80F48 /* Resources */ = {
			isa = PBXResourcesBuildPhase;
			buildActionMask = 2147483647;
			files = (
			);
			runOnlyForDeploymentPostprocessing = 0;
		};
/* End PBXResourcesBuildPhase section */

/* Begin PBXSourcesBuildPhase section */
		699A5956235FD4EE00C80F48 /* Sources */ = {
			isa = PBXSourcesBuildPhase;
			buildActionMask = 2147483647;
			files = (
				69C914F52366604D0012082F /* PhotoBrowserTransitionDelegate.swift in Sources */,
				699A598E235FD52600C80F48 /* PhotoBrowserViewController.swift in Sources */,
				69D8E35B235FF5F1004F2F92 /* PhotoBrowserCollectionViewCell.swift in Sources */,
				699A5962235FD4EE00C80F48 /* ViewController.swift in Sources */,
				699A595E235FD4EE00C80F48 /* AppDelegate.swift in Sources */,
				699A5960235FD4EE00C80F48 /* SceneDelegate.swift in Sources */,
			);
			runOnlyForDeploymentPostprocessing = 0;
		};
		699A596C235FD4F100C80F48 /* Sources */ = {
			isa = PBXSourcesBuildPhase;
			buildActionMask = 2147483647;
			files = (
				699A5975235FD4F100C80F48 /* _____Tests.swift in Sources */,
			);
			runOnlyForDeploymentPostprocessing = 0;
		};
		699A5977235FD4F100C80F48 /* Sources */ = {
			isa = PBXSourcesBuildPhase;
			buildActionMask = 2147483647;
			files = (
				699A5980235FD4F100C80F48 /* _____UITests.swift in Sources */,
			);
			runOnlyForDeploymentPostprocessing = 0;
		};
/* End PBXSourcesBuildPhase section */

/* Begin PBXTargetDependency section */
		699A5972235FD4F100C80F48 /* PBXTargetDependency */ = {
			isa = PBXTargetDependency;
			target = 699A5959235FD4EE00C80F48 /* 图片浏览器 */;
			targetProxy = 699A5971235FD4F100C80F48 /* PBXContainerItemProxy */;
		};
		699A597D235FD4F100C80F48 /* PBXTargetDependency */ = {
			isa = PBXTargetDependency;
			target = 699A5959235FD4EE00C80F48 /* 图片浏览器 */;
			targetProxy = 699A597C235FD4F100C80F48 /* PBXContainerItemProxy */;
		};
/* End PBXTargetDependency section */

/* Begin PBXVariantGroup section */
		699A5963235FD4EE00C80F48 /* Main.storyboard */ = {
			isa = PBXVariantGroup;
			children = (
				699A5964235FD4EE00C80F48 /* Base */,
			);
			name = Main.storyboard;
			sourceTree = "<group>";
		};
		699A5968235FD4F100C80F48 /* LaunchScreen.storyboard */ = {
			isa = PBXVariantGroup;
			children = (
				699A5969235FD4F100C80F48 /* Base */,
			);
			name = LaunchScreen.storyboard;
			sourceTree = "<group>";
		};
/* End PBXVariantGroup section */

/* Begin XCBuildConfiguration section */
		699A5982235FD4F100C80F48 /* Debug */ = {
			isa = XCBuildConfiguration;
			buildSettings = {
				ALWAYS_SEARCH_USER_PATHS = NO;
				CLANG_ANALYZER_NONNULL = YES;
				CLANG_ANALYZER_NUMBER_OBJECT_CONVERSION = YES_AGGRESSIVE;
				CLANG_CXX_LANGUAGE_STANDARD = "gnu++14";
				CLANG_CXX_LIBRARY = "libc++";
				CLANG_ENABLE_MODULES = YES;
				CLANG_ENABLE_OBJC_ARC = YES;
				CLANG_ENABLE_OBJC_WEAK = YES;
				CLANG_WARN_BLOCK_CAPTURE_AUTORELEASING = YES;
				CLANG_WARN_BOOL_CONVERSION = YES;
				CLANG_WARN_COMMA = YES;
				CLANG_WARN_CONSTANT_CONVERSION = YES;
				CLANG_WARN_DEPRECATED_OBJC_IMPLEMENTATIONS = YES;
				CLANG_WARN_DIRECT_OBJC_ISA_USAGE = YES_ERROR;
				CLANG_WARN_DOCUMENTATION_COMMENTS = YES;
				CLANG_WARN_EMPTY_BODY = YES;
				CLANG_WARN_ENUM_CONVERSION = YES;
				CLANG_WARN_INFINITE_RECURSION = YES;
				CLANG_WARN_INT_CONVERSION = YES;
				CLANG_WARN_NON_LITERAL_NULL_CONVERSION = YES;
				CLANG_WARN_OBJC_IMPLICIT_RETAIN_SELF = YES;
				CLANG_WARN_OBJC_LITERAL_CONVERSION = YES;
				CLANG_WARN_OBJC_ROOT_CLASS = YES_ERROR;
				CLANG_WARN_RANGE_LOOP_ANALYSIS = YES;
				CLANG_WARN_STRICT_PROTOTYPES = YES;
				CLANG_WARN_SUSPICIOUS_MOVE = YES;
				CLANG_WARN_UNGUARDED_AVAILABILITY = YES_AGGRESSIVE;
				CLANG_WARN_UNREACHABLE_CODE = YES;
				CLANG_WARN__DUPLICATE_METHOD_MATCH = YES;
				COPY_PHASE_STRIP = NO;
				DEBUG_INFORMATION_FORMAT = dwarf;
				ENABLE_STRICT_OBJC_MSGSEND = YES;
				ENABLE_TESTABILITY = YES;
				GCC_C_LANGUAGE_STANDARD = gnu11;
				GCC_DYNAMIC_NO_PIC = NO;
				GCC_NO_COMMON_BLOCKS = YES;
				GCC_OPTIMIZATION_LEVEL = 0;
				GCC_PREPROCESSOR_DEFINITIONS = (
					"DEBUG=1",
					"$(inherited)",
				);
				GCC_WARN_64_TO_32_BIT_CONVERSION = YES;
				GCC_WARN_ABOUT_RETURN_TYPE = YES_ERROR;
				GCC_WARN_UNDECLARED_SELECTOR = YES;
				GCC_WARN_UNINITIALIZED_AUTOS = YES_AGGRESSIVE;
				GCC_WARN_UNUSED_FUNCTION = YES;
				GCC_WARN_UNUSED_VARIABLE = YES;
				IPHONEOS_DEPLOYMENT_TARGET = 13.1;
				MTL_ENABLE_DEBUG_INFO = INCLUDE_SOURCE;
				MTL_FAST_MATH = YES;
				ONLY_ACTIVE_ARCH = YES;
				SDKROOT = iphoneos;
				SWIFT_ACTIVE_COMPILATION_CONDITIONS = DEBUG;
				SWIFT_OPTIMIZATION_LEVEL = "-Onone";
			};
			name = Debug;
		};
		699A5983235FD4F100C80F48 /* Release */ = {
			isa = XCBuildConfiguration;
			buildSettings = {
				ALWAYS_SEARCH_USER_PATHS = NO;
				CLANG_ANALYZER_NONNULL = YES;
				CLANG_ANALYZER_NUMBER_OBJECT_CONVERSION = YES_AGGRESSIVE;
				CLANG_CXX_LANGUAGE_STANDARD = "gnu++14";
				CLANG_CXX_LIBRARY = "libc++";
				CLANG_ENABLE_MODULES = YES;
				CLANG_ENABLE_OBJC_ARC = YES;
				CLANG_ENABLE_OBJC_WEAK = YES;
				CLANG_WARN_BLOCK_CAPTURE_AUTORELEASING = YES;
				CLANG_WARN_BOOL_CONVERSION = YES;
				CLANG_WARN_COMMA = YES;
				CLANG_WARN_CONSTANT_CONVERSION = YES;
				CLANG_WARN_DEPRECATED_OBJC_IMPLEMENTATIONS = YES;
				CLANG_WARN_DIRECT_OBJC_ISA_USAGE = YES_ERROR;
				CLANG_WARN_DOCUMENTATION_COMMENTS = YES;
				CLANG_WARN_EMPTY_BODY = YES;
				CLANG_WARN_ENUM_CONVERSION = YES;
				CLANG_WARN_INFINITE_RECURSION = YES;
				CLANG_WARN_INT_CONVERSION = YES;
				CLANG_WARN_NON_LITERAL_NULL_CONVERSION = YES;
				CLANG_WARN_OBJC_IMPLICIT_RETAIN_SELF = YES;
				CLANG_WARN_OBJC_LITERAL_CONVERSION = YES;
				CLANG_WARN_OBJC_ROOT_CLASS = YES_ERROR;
				CLANG_WARN_RANGE_LOOP_ANALYSIS = YES;
				CLANG_WARN_STRICT_PROTOTYPES = YES;
				CLANG_WARN_SUSPICIOUS_MOVE = YES;
				CLANG_WARN_UNGUARDED_AVAILABILITY = YES_AGGRESSIVE;
				CLANG_WARN_UNREACHABLE_CODE = YES;
				CLANG_WARN__DUPLICATE_METHOD_MATCH = YES;
				COPY_PHASE_STRIP = NO;
				DEBUG_INFORMATION_FORMAT = "dwarf-with-dsym";
				ENABLE_NS_ASSERTIONS = NO;
				ENABLE_STRICT_OBJC_MSGSEND = YES;
				GCC_C_LANGUAGE_STANDARD = gnu11;
				GCC_NO_COMMON_BLOCKS = YES;
				GCC_WARN_64_TO_32_BIT_CONVERSION = YES;
				GCC_WARN_ABOUT_RETURN_TYPE = YES_ERROR;
				GCC_WARN_UNDECLARED_SELECTOR = YES;
				GCC_WARN_UNINITIALIZED_AUTOS = YES_AGGRESSIVE;
				GCC_WARN_UNUSED_FUNCTION = YES;
				GCC_WARN_UNUSED_VARIABLE = YES;
				IPHONEOS_DEPLOYMENT_TARGET = 13.1;
				MTL_ENABLE_DEBUG_INFO = NO;
				MTL_FAST_MATH = YES;
				SDKROOT = iphoneos;
				SWIFT_COMPILATION_MODE = wholemodule;
				SWIFT_OPTIMIZATION_LEVEL = "-O";
				VALIDATE_PRODUCT = YES;
			};
			name = Release;
		};
		699A5985235FD4F100C80F48 /* Debug */ = {
			isa = XCBuildConfiguration;
			buildSettings = {
				ASSETCATALOG_COMPILER_APPICON_NAME = AppIcon;
				CODE_SIGN_STYLE = Automatic;
				INFOPLIST_FILE = "图片浏览器/Info.plist";
				LD_RUNPATH_SEARCH_PATHS = (
					"$(inherited)",
					"@executable_path/Frameworks",
				);
				PRODUCT_BUNDLE_IDENTIFIER = "com.lhj.-----";
				PRODUCT_NAME = "$(TARGET_NAME)";
				SWIFT_OBJC_BRIDGING_HEADER = "";
				SWIFT_VERSION = 5.0;
				TARGETED_DEVICE_FAMILY = "1,2";
			};
			name = Debug;
		};
		699A5986235FD4F100C80F48 /* Release */ = {
			isa = XCBuildConfiguration;
			buildSettings = {
				ASSETCATALOG_COMPILER_APPICON_NAME = AppIcon;
				CODE_SIGN_STYLE = Automatic;
				INFOPLIST_FILE = "图片浏览器/Info.plist";
				LD_RUNPATH_SEARCH_PATHS = (
					"$(inherited)",
					"@executable_path/Frameworks",
				);
				PRODUCT_BUNDLE_IDENTIFIER = "com.lhj.-----";
				PRODUCT_NAME = "$(TARGET_NAME)";
				SWIFT_OBJC_BRIDGING_HEADER = "";
				SWIFT_VERSION = 5.0;
				TARGETED_DEVICE_FAMILY = "1,2";
			};
			name = Release;
		};
		699A5988235FD4F100C80F48 /* Debug */ = {
			isa = XCBuildConfiguration;
			buildSettings = {
				ALWAYS_EMBED_SWIFT_STANDARD_LIBRARIES = YES;
				BUNDLE_LOADER = "$(TEST_HOST)";
				CODE_SIGN_STYLE = Automatic;
				INFOPLIST_FILE = "图片浏览器Tests/Info.plist";
				IPHONEOS_DEPLOYMENT_TARGET = 13.1;
				LD_RUNPATH_SEARCH_PATHS = (
					"$(inherited)",
					"@executable_path/Frameworks",
					"@loader_path/Frameworks",
				);
				PRODUCT_BUNDLE_IDENTIFIER = "com.lhj.-----Tests";
				PRODUCT_NAME = "$(TARGET_NAME)";
				SWIFT_VERSION = 5.0;
				TARGETED_DEVICE_FAMILY = "1,2";
				TEST_HOST = "$(BUILT_PRODUCTS_DIR)/图片浏览器.app/图片浏览器";
			};
			name = Debug;
		};
		699A5989235FD4F100C80F48 /* Release */ = {
			isa = XCBuildConfiguration;
			buildSettings = {
				ALWAYS_EMBED_SWIFT_STANDARD_LIBRARIES = YES;
				BUNDLE_LOADER = "$(TEST_HOST)";
				CODE_SIGN_STYLE = Automatic;
				INFOPLIST_FILE = "图片浏览器Tests/Info.plist";
				IPHONEOS_DEPLOYMENT_TARGET = 13.1;
				LD_RUNPATH_SEARCH_PATHS = (
					"$(inherited)",
					"@executable_path/Frameworks",
					"@loader_path/Frameworks",
				);
				PRODUCT_BUNDLE_IDENTIFIER = "com.lhj.-----Tests";
				PRODUCT_NAME = "$(TARGET_NAME)";
				SWIFT_VERSION = 5.0;
				TARGETED_DEVICE_FAMILY = "1,2";
				TEST_HOST = "$(BUILT_PRODUCTS_DIR)/图片浏览器.app/图片浏览器";
			};
			name = Release;
		};
		699A598B235FD4F100C80F48 /* Debug */ = {
			isa = XCBuildConfiguration;
			buildSettings = {
				ALWAYS_EMBED_SWIFT_STANDARD_LIBRARIES = YES;
				CODE_SIGN_STYLE = Automatic;
				INFOPLIST_FILE = "图片浏览器UITests/Info.plist";
				LD_RUNPATH_SEARCH_PATHS = (
					"$(inherited)",
					"@executable_path/Frameworks",
					"@loader_path/Frameworks",
				);
				PRODUCT_BUNDLE_IDENTIFIER = "com.lhj.-----UITests";
				PRODUCT_NAME = "$(TARGET_NAME)";
				SWIFT_VERSION = 5.0;
				TARGETED_DEVICE_FAMILY = "1,2";
				TEST_TARGET_NAME = "图片浏览器";
			};
			name = Debug;
		};
		699A598C235FD4F100C80F48 /* Release */ = {
			isa = XCBuildConfiguration;
			buildSettings = {
				ALWAYS_EMBED_SWIFT_STANDARD_LIBRARIES = YES;
				CODE_SIGN_STYLE = Automatic;
				INFOPLIST_FILE = "图片浏览器UITests/Info.plist";
				LD_RUNPATH_SEARCH_PATHS = (
					"$(inherited)",
					"@executable_path/Frameworks",
					"@loader_path/Frameworks",
				);
				PRODUCT_BUNDLE_IDENTIFIER = "com.lhj.-----UITests";
				PRODUCT_NAME = "$(TARGET_NAME)";
				SWIFT_VERSION = 5.0;
				TARGETED_DEVICE_FAMILY = "1,2";
				TEST_TARGET_NAME = "图片浏览器";
			};
			name = Release;
		};
/* End XCBuildConfiguration section */

/* Begin XCConfigurationList section */
		699A5955235FD4EE00C80F48 /* Build configuration list for PBXProject "图片浏览器" */ = {
			isa = XCConfigurationList;
			buildConfigurations = (
				699A5982235FD4F100C80F48 /* Debug */,
				699A5983235FD4F100C80F48 /* Release */,
			);
			defaultConfigurationIsVisible = 0;
			defaultConfigurationName = Release;
		};
		699A5984235FD4F100C80F48 /* Build configuration list for PBXNativeTarget "图片浏览器" */ = {
			isa = XCConfigurationList;
			buildConfigurations = (
				699A5985235FD4F100C80F48 /* Debug */,
				699A5986235FD4F100C80F48 /* Release */,
			);
			defaultConfigurationIsVisible = 0;
			defaultConfigurationName = Release;
		};
		699A5987235FD4F100C80F48 /* Build configuration list for PBXNativeTarget "图片浏览器Tests" */ = {
			isa = XCConfigurationList;
			buildConfigurations = (
				699A5988235FD4F100C80F48 /* Debug */,
				699A5989235FD4F100C80F48 /* Release */,
			);
			defaultConfigurationIsVisible = 0;
			defaultConfigurationName = Release;
		};
		699A598A235FD4F100C80F48 /* Build configuration list for PBXNativeTarget "图片浏览器UITests" */ = {
			isa = XCConfigurationList;
			buildConfigurations = (
				699A598B235FD4F100C80F48 /* Debug */,
				699A598C235FD4F100C80F48 /* Release */,
			);
			defaultConfigurationIsVisible = 0;
			defaultConfigurationName = Release;
		};
/* End XCConfigurationList section */
	};
	rootObject = 699A5952235FD4EE00C80F48 /* Project object */;
}
